// !$*UTF8*$!
{
	archiveVersion = 1;
	classes = {
	};
	objectVersion = 46;
	objects = {

/* Begin PBXBuildFile section */
		22C803831D0577C20010869E /* main.m in Sources */ = {isa = PBXBuildFile; fileRef = 22C803821D0577C20010869E /* main.m */; };
		22C803861D0577C20010869E /* AppDelegate.m in Sources */ = {isa = PBXBuildFile; fileRef = 22C803851D0577C20010869E /* AppDelegate.m */; };
		22C803891D0577C20010869E /* ViewController.m in Sources */ = {isa = PBXBuildFile; fileRef = 22C803881D0577C20010869E /* ViewController.m */; };
		22C8038C1D0577C20010869E /* Main.storyboard in Resources */ = {isa = PBXBuildFile; fileRef = 22C8038A1D0577C20010869E /* Main.storyboard */; };
		22C8038E1D0577C20010869E /* Assets.xcassets in Resources */ = {isa = PBXBuildFile; fileRef = 22C8038D1D0577C20010869E /* Assets.xcassets */; };
		22C803911D0577C20010869E /* LaunchScreen.storyboard in Resources */ = {isa = PBXBuildFile; fileRef = 22C8038F1D0577C20010869E /* LaunchScreen.storyboard */; };
		22D9C56E1D05C88B009C92C8 /* CustomCell.m in Sources */ = {isa = PBXBuildFile; fileRef = 22D9C56D1D05C88B009C92C8 /* CustomCell.m */; };
/* End PBXBuildFile section */

/* Begin PBXFileReference section */
		22C8037E1D0577C20010869E /* CustomTableView.app */ = {isa = PBXFileReference; explicitFileType = wrapper.application; includeInIndex = 0; path = CustomTableView.app; sourceTree = BUILT_PRODUCTS_DIR; };
		22C803821D0577C20010869E /* main.m */ = {isa = PBXFileReference; lastKnownFileType = sourcecode.c.objc; path = main.m; sourceTree = "<group>"; };
		22C803841D0577C20010869E /* AppDelegate.h */ = {isa = PBXFileReference; lastKnownFileType = sourcecode.c.h; path = AppDelegate.h; sourceTree = "<group>"; };
		22C803851D0577C20010869E /* AppDelegate.m */ = {isa = PBXFileReference; lastKnownFileType = sourcecode.c.objc; path = AppDelegate.m; sourceTree = "<group>"; };
		22C803871D0577C20010869E /* ViewController.h */ = {isa = PBXFileReference; lastKnownFileType = sourcecode.c.h; path = ViewController.h; sourceTree = "<group>"; };
		22C803881D0577C20010869E /* ViewController.m */ = {isa = PBXFileReference; lastKnownFileType = sourcecode.c.objc; path = ViewController.m; sourceTree = "<group>"; };
		22C8038B1D0577C20010869E /* Base */ = {isa = PBXFileReference; lastKnownFileType = file.storyboard; name = Base; path = Base.lproj/Main.storyboard; sourceTree = "<group>"; };
		22C8038D1D0577C20010869E /* Assets.xcassets */ = {isa = PBXFileReference; lastKnownFileType = folder.assetcatalog; path = Assets.xcassets; sourceTree = "<group>"; };
		22C803901D0577C20010869E /* Base */ = {isa = PBXFileReference; lastKnownFileType = file.storyboard; name = Base; path = Base.lproj/LaunchScreen.storyboard; sourceTree = "<group>"; };
		22C803921D0577C20010869E /* Info.plist */ = {isa = PBXFileReference; lastKnownFileType = text.plist.xml; path = Info.plist; sourceTree = "<group>"; };
		22D9C56C1D05C88B009C92C8 /* CustomCell.h */ = {isa = PBXFileReference; fileEncoding = 4; lastKnownFileType = sourcecode.c.h; path = CustomCell.h; sourceTree = "<group>"; };
		22D9C56D1D05C88B009C92C8 /* CustomCell.m */ = {isa = PBXFileReference; fileEncoding = 4; lastKnownFileType = sourcecode.c.objc; path = CustomCell.m; sourceTree = "<group>"; };
/* End PBXFileReference section */

/* Begin PBXFrameworksBuildPhase section */
		22C8037B1D0577C20010869E /* Frameworks */ = {
			isa = PBXFrameworksBuildPhase;
			buildActionMask = 2147483647;
			files = (
			);
			runOnlyForDeploymentPostprocessing = 0;
		};
/* End PBXFrameworksBuildPhase section */

/* Begin PBXGroup section */
		22C803751D0577C20010869E = {
			isa = PBXGroup;
			children = (
				22C803801D0577C20010869E /* CustomTableView */,
				22C8037F1D0577C20010869E /* Products */,
			);
			sourceTree = "<group>";
		};
		22C8037F1D0577C20010869E /* Products */ = {
			isa = PBXGroup;
			children = (
				22C8037E1D0577C20010869E /* CustomTableView.app */,
			);
			name = Products;
			sourceTree = "<group>";
		};
		22C803801D0577C20010869E /* CustomTableView */ = {
			isa = PBXGroup;
			children = (
				22C803841D0577C20010869E /* AppDelegate.h */,
				22C803851D0577C20010869E /* AppDelegate.m */,
				22C803871D0577C20010869E /* ViewController.h */,
				22C803881D0577C20010869E /* ViewController.m */,
				22D9C56C1D05C88B009C92C8 /* CustomCell.h */,
				22D9C56D1D05C88B009C92C8 /* CustomCell.m */,
				22C8038A1D0577C20010869E /* Main.storyboard */,
				22C8038D1D0577C20010869E /* Assets.xcassets */,
				22C8038F1D0577C20010869E /* LaunchScreen.storyboard */,
				22C803921D0577C20010869E /* Info.plist */,
				22C803811D0577C20010869E /* Supporting Files */,
			);
			path = CustomTableView;
			sourceTree = "<group>";
		};
		22C803811D0577C20010869E /* Supporting Files */ = {
			isa = PBXGroup;
			children = (
				22C803821D0577C20010869E /* main.m */,
			);
			name = "Supporting Files";
			sourceTree = "<group>";
		};
/* End PBXGroup section */

/* Begin PBXNativeTarget section */
		22C8037D1D0577C20010869E /* CustomTableView */ = {
			isa = PBXNativeTarget;
			buildConfigurationList = 22C803951D0577C20010869E /* Build configuration list for PBXNativeTarget "CustomTableView" */;
			buildPhases = (
				22C8037A1D0577C20010869E /* Sources */,
				22C8037B1D0577C20010869E /* Frameworks */,
				22C8037C1D0577C20010869E /* Resources */,
			);
			buildRules = (
			);
			dependencies = (
			);
			name = CustomTableView;
			productName = CustomTableView;
			productReference = 22C8037E1D0577C20010869E /* CustomTableView.app */;
			productType = "com.apple.product-type.application";
		};
/* End PBXNativeTarget section */

/* Begin PBXProject section */
		22C803761D0577C20010869E /* Project object */ = {
			isa = PBXProject;
			attributes = {
				LastUpgradeCheck = 0730;
				ORGANIZATIONNAME = CB;
				TargetAttributes = {
					22C8037D1D0577C20010869E = {
						CreatedOnToolsVersion = 7.3.1;
					};
				};
			};
			buildConfigurationList = 22C803791D0577C20010869E /* Build configuration list for PBXProject "CustomTableView" */;
			compatibilityVersion = "Xcode 3.2";
			developmentRegion = English;
			hasScannedForEncodings = 0;
			knownRegions = (
				en,
				Base,
			);
			mainGroup = 22C803751D0577C20010869E;
			productRefGroup = 22C8037F1D0577C20010869E /* Products */;
			projectDirPath = "";
			projectRoot = "";
			targets = (
				22C8037D1D0577C20010869E /* CustomTableView */,
			);
		};
/* End PBXProject section */

/* Begin PBXResourcesBuildPhase section */
		22C8037C1D0577C20010869E /* Resources */ = {
			isa = PBXResourcesBuildPhase;
			buildActionMask = 2147483647;
			files = (
				22C803911D0577C20010869E /* LaunchScreen.storyboard in Resources */,
				22C8038E1D0577C20010869E /* Assets.xcassets in Resources */,
				22C8038C1D0577C20010869E /* Main.storyboard in Resources */,
			);
			runOnlyForDeploymentPostprocessing = 0;
		};
/* End PBXResourcesBuildPhase section */

/* Begin PBXSourcesBuildPhase section */
		22C8037A1D0577C20010869E /* Sources */ = {
			isa = PBXSourcesBuildPhase;
			buildActionMask = 2147483647;
			files = (
				22C803891D0577C20010869E /* ViewController.m in Sources */,
				22C803861D0577C20010869E /* AppDelegate.m in Sources */,
				22D9C56E1D05C88B009C92C8 /* CustomCell.m in Sources */,
				22C803831D0577C20010869E /* main.m in Sources */,
			);
			runOnlyForDeploymentPostprocessing = 0;
		};
/* End PBXSourcesBuildPhase section */

/* Begin PBXVariantGroup section */
		22C8038A1D0577C20010869E /* Main.storyboard */ = {
			isa = PBXVariantGroup;
			children = (
				22C8038B1D0577C20010869E /* Base */,
			);
			name = Main.storyboard;
			sourceTree = "<group>";
		};
		22C8038F1D0577C20010869E /* LaunchScreen.storyboard */ = {
			isa = PBXVariantGroup;
			children = (
				22C803901D0577C20010869E /* Base */,
			);
			name = LaunchScreen.storyboard;
			sourceTree = "<group>";
		};
/* End PBXVariantGroup section */

/* Begin XCBuildConfiguration section */
		22C803931D0577C20010869E /* Debug */ = {
			isa = XCBuildConfiguration;
			buildSettings = {
				ALWAYS_SEARCH_USER_PATHS = NO;
				CLANG_ANALYZER_NONNULL = YES;
				CLANG_CXX_LANGUAGE_STANDARD = "gnu++0x";
				CLANG_CXX_LIBRARY = "libc++";
				CLANG_ENABLE_MODULES = YES;
				CLANG_ENABLE_OBJC_ARC = YES;
				CLANG_WARN_BOOL_CONVERSION = YES;
				CLANG_WARN_CONSTANT_CONVERSION = YES;
				CLANG_WARN_DIRECT_OBJC_ISA_USAGE = YES_ERROR;
				CLANG_WARN_EMPTY_BODY = YES;
				CLANG_WARN_ENUM_CONVERSION = YES;
				CLANG_WARN_INT_CONVERSION = YES;
				CLANG_WARN_OBJC_ROOT_CLASS = YES_ERROR;
				CLANG_WARN_UNREACHABLE_CODE = YES;
				CLANG_WARN__DUPLICATE_METHOD_MATCH = YES;
				"CODE_SIGN_IDENTITY[sdk=iphoneos*]" = "iPhone Developer";
				COPY_PHASE_STRIP = NO;
				DEBUG_INFORMATION_FORMAT = dwarf;
				ENABLE_STRICT_OBJC_MSGSEND = YES;
				ENABLE_TESTABILITY = YES;
				GCC_C_LANGUAGE_STANDARD = gnu99;
				GCC_DYNAMIC_NO_PIC = NO;
				GCC_NO_COMMON_BLOCKS = YES;
				GCC_OPTIMIZATION_LEVEL = 0;
				GCC_PREPROCESSOR_DEFINITIONS = (
					"DEBUG=1",
					"$(inherited)",
				);
				GCC_WARN_64_TO_32_BIT_CONVERSION = YES;
				GCC_WARN_ABOUT_RETURN_TYPE = YES_ERROR;
				GCC_WARN_UNDECLARED_SELECTOR = YES;
				GCC_WARN_UNINITIALIZED_AUTOS = YES_AGGRESSIVE;
				GCC_WARN_UNUSED_FUNCTION = YES;
				GCC_WARN_UNUSED_VARIABLE = YES;
				IPHONEOS_DEPLOYMENT_TARGET = 9.3;
				MTL_ENABLE_DEBUG_INFO = YES;
				ONLY_ACTIVE_ARCH = YES;
				SDKROOT = iphoneos;
			};
			name = Debug;
		};
		22C803941D0577C20010869E /* Release */ = {
			isa = XCBuildConfiguration;
			buildSettings = {
				ALWAYS_SEARCH_USER_PATHS = NO;
				CLANG_ANALYZER_NONNULL = YES;
				CLANG_CXX_LANGUAGE_STANDARD = "gnu++0x";
				CLANG_CXX_LIBRARY = "libc++";
				CLANG_ENABLE_MODULES = YES;
				CLANG_ENABLE_OBJC_ARC = YES;
				CLANG_WARN_BOOL_CONVERSION = YES;
				CLANG_WARN_CONSTANT_CONVERSION = YES;
				CLANG_WARN_DIRECT_OBJC_ISA_USAGE = YES_ERROR;
				CLANG_WARN_EMPTY_BODY = YES;
				CLANG_WARN_ENUM_CONVERSION = YES;
				CLANG_WARN_INT_CONVERSION = YES;
				CLANG_WARN_OBJC_ROOT_CLASS = YES_ERROR;
				CLANG_WARN_UNREACHABLE_CODE = YES;
				CLANG_WARN__DUPLICATE_METHOD_MATCH = YES;
				"CODE_SIGN_IDENTITY[sdk=iphoneos*]" = "iPhone Developer";
				COPY_PHASE_STRIP = NO;
				DEBUG_INFORMATION_FORMAT = "dwarf-with-dsym";
				ENABLE_NS_ASSERTIONS = NO;
				ENABLE_STRICT_OBJC_MSGSEND = YES;
				GCC_C_LANGUAGE_STANDARD = gnu99;
				GCC_NO_COMMON_BLOCKS = YES;
				GCC_WARN_64_TO_32_BIT_CONVERSION = YES;
				GCC_WARN_ABOUT_RETURN_TYPE = YES_ERROR;
				GCC_WARN_UNDECLARED_SELECTOR = YES;
				GCC_WARN_UNINITIALIZED_AUTOS = YES_AGGRESSIVE;
				GCC_WARN_UNUSED_FUNCTION = YES;
				GCC_WARN_UNUSED_VARIABLE = YES;
				IPHONEOS_DEPLOYMENT_TARGET = 9.3;
				MTL_ENABLE_DEBUG_INFO = NO;
				SDKROOT = iphoneos;
				VALIDATE_PRODUCT = YES;
			};
			name = Release;
		};
		22C803961D0577C20010869E /* Debug */ = {
			isa = XCBuildConfiguration;
			buildSettings = {
				ASSETCATALOG_COMPILER_APPICON_NAME = AppIcon;
				CODE_SIGN_IDENTITY = "iPhone Developer";
				"CODE_SIGN_IDENTITY[sdk=iphoneos*]" = "iPhone Developer";
				INFOPLIST_FILE = CustomTableView/Info.plist;
				LD_RUNPATH_SEARCH_PATHS = "$(inherited) @executable_path/Frameworks";
				PRODUCT_BUNDLE_IDENTIFIER = com.cb.CustomTableView;
				PRODUCT_NAME = "$(TARGET_NAME)";
				PROVISIONING_PROFILE = "";
			};
			name = Debug;
		};
		22C803971D0577C20010869E /* Release */ = {
			isa = XCBuildConfiguration;
			buildSettings = {
				ASSETCATALOG_COMPILER_APPICON_NAME = AppIcon;
				CODE_SIGN_IDENTITY = "iPhone Developer";
				"CODE_SIGN_IDENTITY[sdk=iphoneos*]" = "iPhone Developer";
				INFOPLIST_FILE = CustomTableView/Info.plist;
				LD_RUNPATH_SEARCH_PATHS = "$(inherited) @executable_path/Frameworks";
				PRODUCT_BUNDLE_IDENTIFIER = com.cb.CustomTableView;
				PRODUCT_NAME = "$(TARGET_NAME)";
				PROVISIONING_PROFILE = "";
			};
			name = Release;
		};
/* End XCBuildConfiguration section */

/* Begin XCConfigurationList section */
		22C803791D0577C20010869E /* Build configuration list for PBXProject "CustomTableView" */ = {
			isa = XCConfigurationList;
			buildConfigurations = (
				22C803931D0577C20010869E /* Debug */,
				22C803941D0577C20010869E /* Release */,
			);
			defaultConfigurationIsVisible = 0;
			defaultConfigurationName = Release;
		};
		22C803951D0577C20010869E /* Build configuration list for PBXNativeTarget "CustomTableView" */ = {
			isa = XCConfigurationList;
			buildConfigurations = (
				22C803961D0577C20010869E /* Debug */,
				22C803971D0577C20010869E /* Release */,
			);
			defaultConfigurationIsVisible = 0;
			defaultConfigurationName = Release;
		};
/* End XCConfigurationList section */
	};
	rootObject = 22C803761D0577C20010869E /* Project object */;
}
